// !$*UTF8*$!
{
	archiveVersion = 1;
	classes = {
	};
	objectVersion = 50;
	objects = {

/* Begin PBXBuildFile section */
		1366DC8D22A1D919004DDE1B /* EventComponent.swift in Sources */ = {isa = PBXBuildFile; fileRef = 1366DC8C22A1D919004DDE1B /* EventComponent.swift */; };
		1370AECD229DE1FB00B33B64 /* CalendarView.swift in Sources */ = {isa = PBXBuildFile; fileRef = 1370AECC229DE1FB00B33B64 /* CalendarView.swift */; };
		1370AECF229DE96C00B33B64 /* EventInspector.swift in Sources */ = {isa = PBXBuildFile; fileRef = 1370AECE229DE96C00B33B64 /* EventInspector.swift */; };
		1370AED1229DEE8400B33B64 /* EventPropertyTableViewCell.swift in Sources */ = {isa = PBXBuildFile; fileRef = 1370AED0229DEE8400B33B64 /* EventPropertyTableViewCell.swift */; };
		13876FC322A87F5D0036F0FA /* Globals.swift in Sources */ = {isa = PBXBuildFile; fileRef = 13876FC222A87F5D0036F0FA /* Globals.swift */; };
		503BD34422A76DAB0036C8CD /* SimpleDoesItViewController.swift in Sources */ = {isa = PBXBuildFile; fileRef = 503BD34322A76DAB0036C8CD /* SimpleDoesItViewController.swift */; };
		503BD34B22AD41630036C8CD /* DateExtensions.swift in Sources */ = {isa = PBXBuildFile; fileRef = 503BD34A22AD41630036C8CD /* DateExtensions.swift */; };
		503EA25322A4D6F9007EEF2A /* MapViewController.swift in Sources */ = {isa = PBXBuildFile; fileRef = 503EA25222A4D6F9007EEF2A /* MapViewController.swift */; };
		5043D42D22A6325B00BC48CD /* SettingsViewController.swift in Sources */ = {isa = PBXBuildFile; fileRef = 5043D42C22A6325A00BC48CD /* SettingsViewController.swift */; };
		5043D42F22A63C4D00BC48CD /* EventTitleCell.swift in Sources */ = {isa = PBXBuildFile; fileRef = 5043D42E22A63C4D00BC48CD /* EventTitleCell.swift */; };
		5043D43122A63D3E00BC48CD /* EventDatePickerTableViewCell.swift in Sources */ = {isa = PBXBuildFile; fileRef = 5043D43022A63D3E00BC48CD /* EventDatePickerTableViewCell.swift */; };
		5043D43322A65DAC00BC48CD /* EventLocationTableViewCell.swift in Sources */ = {isa = PBXBuildFile; fileRef = 5043D43222A65DAB00BC48CD /* EventLocationTableViewCell.swift */; };
		5059E5F2229CC7670089E3E7 /* EventList.swift in Sources */ = {isa = PBXBuildFile; fileRef = 5059E5F1229CC7670089E3E7 /* EventList.swift */; };
		5059E5F4229CC7A90089E3E7 /* Event.swift in Sources */ = {isa = PBXBuildFile; fileRef = 5059E5F3229CC7A80089E3E7 /* Event.swift */; };
		507BBF902298C2D7000FE12E /* AppDelegate.swift in Sources */ = {isa = PBXBuildFile; fileRef = 507BBF8F2298C2D7000FE12E /* AppDelegate.swift */; };
		507BBF952298C2D7000FE12E /* Main.storyboard in Resources */ = {isa = PBXBuildFile; fileRef = 507BBF932298C2D7000FE12E /* Main.storyboard */; };
		507BBF972298C2DA000FE12E /* Assets.xcassets in Resources */ = {isa = PBXBuildFile; fileRef = 507BBF962298C2DA000FE12E /* Assets.xcassets */; };
		507BBF9A2298C2DA000FE12E /* LaunchScreen.storyboard in Resources */ = {isa = PBXBuildFile; fileRef = 507BBF982298C2DA000FE12E /* LaunchScreen.storyboard */; };
		507BBFA42298CDBE000FE12E /* CalendarViewController.swift in Sources */ = {isa = PBXBuildFile; fileRef = 507BBFA32298CDBD000FE12E /* CalendarViewController.swift */; };
		507BBFA62298CE84000FE12E /* Grid.swift in Sources */ = {isa = PBXBuildFile; fileRef = 507BBFA52298CE84000FE12E /* Grid.swift */; };
		507BBFAC229B7F16000FE12E /* CalendarDayView.swift in Sources */ = {isa = PBXBuildFile; fileRef = 507BBFAB229B7F16000FE12E /* CalendarDayView.swift */; };
		50A33E8E22AD969B009FEF9E /* NavigationUtilities.swift in Sources */ = {isa = PBXBuildFile; fileRef = 50A33E8D22AD969B009FEF9E /* NavigationUtilities.swift */; };
		50CAFDF622A5F5EE00AB5F7B /* ComponentEditorViewController.swift in Sources */ = {isa = PBXBuildFile; fileRef = 50CAFDF522A5F5EE00AB5F7B /* ComponentEditorViewController.swift */; };
/* End PBXBuildFile section */

/* Begin PBXFileReference section */
		1366DC8C22A1D919004DDE1B /* EventComponent.swift */ = {isa = PBXFileReference; lastKnownFileType = sourcecode.swift; path = EventComponent.swift; sourceTree = "<group>"; };
		1370AECC229DE1FB00B33B64 /* CalendarView.swift */ = {isa = PBXFileReference; fileEncoding = 4; lastKnownFileType = sourcecode.swift; path = CalendarView.swift; sourceTree = "<group>"; };
		1370AECE229DE96C00B33B64 /* EventInspector.swift */ = {isa = PBXFileReference; lastKnownFileType = sourcecode.swift; path = EventInspector.swift; sourceTree = "<group>"; };
		1370AED0229DEE8400B33B64 /* EventPropertyTableViewCell.swift */ = {isa = PBXFileReference; lastKnownFileType = sourcecode.swift; path = EventPropertyTableViewCell.swift; sourceTree = "<group>"; };
		13876FC222A87F5D0036F0FA /* Globals.swift */ = {isa = PBXFileReference; lastKnownFileType = sourcecode.swift; path = Globals.swift; sourceTree = "<group>"; };
		503BD34322A76DAB0036C8CD /* SimpleDoesItViewController.swift */ = {isa = PBXFileReference; lastKnownFileType = sourcecode.swift; path = SimpleDoesItViewController.swift; sourceTree = "<group>"; };
		503BD34A22AD41630036C8CD /* DateExtensions.swift */ = {isa = PBXFileReference; lastKnownFileType = sourcecode.swift; path = DateExtensions.swift; sourceTree = "<group>"; };
		503EA25222A4D6F9007EEF2A /* MapViewController.swift */ = {isa = PBXFileReference; lastKnownFileType = sourcecode.swift; path = MapViewController.swift; sourceTree = "<group>"; };
		5043D42C22A6325A00BC48CD /* SettingsViewController.swift */ = {isa = PBXFileReference; lastKnownFileType = sourcecode.swift; path = SettingsViewController.swift; sourceTree = "<group>"; };
		5043D42E22A63C4D00BC48CD /* EventTitleCell.swift */ = {isa = PBXFileReference; lastKnownFileType = sourcecode.swift; path = EventTitleCell.swift; sourceTree = "<group>"; };
		5043D43022A63D3E00BC48CD /* EventDatePickerTableViewCell.swift */ = {isa = PBXFileReference; lastKnownFileType = sourcecode.swift; path = EventDatePickerTableViewCell.swift; sourceTree = "<group>"; };
		5043D43222A65DAB00BC48CD /* EventLocationTableViewCell.swift */ = {isa = PBXFileReference; lastKnownFileType = sourcecode.swift; path = EventLocationTableViewCell.swift; sourceTree = "<group>"; };
		5059E5F1229CC7670089E3E7 /* EventList.swift */ = {isa = PBXFileReference; lastKnownFileType = sourcecode.swift; path = EventList.swift; sourceTree = "<group>"; };
		5059E5F3229CC7A80089E3E7 /* Event.swift */ = {isa = PBXFileReference; lastKnownFileType = sourcecode.swift; path = Event.swift; sourceTree = "<group>"; };
		507BBF8C2298C2D6000FE12E /* ChurchScheduler.app */ = {isa = PBXFileReference; explicitFileType = wrapper.application; includeInIndex = 0; path = ChurchScheduler.app; sourceTree = BUILT_PRODUCTS_DIR; };
		507BBF8F2298C2D7000FE12E /* AppDelegate.swift */ = {isa = PBXFileReference; lastKnownFileType = sourcecode.swift; path = AppDelegate.swift; sourceTree = "<group>"; };
		507BBF942298C2D7000FE12E /* Base */ = {isa = PBXFileReference; lastKnownFileType = file.storyboard; name = Base; path = Base.lproj/Main.storyboard; sourceTree = "<group>"; };
		507BBF962298C2DA000FE12E /* Assets.xcassets */ = {isa = PBXFileReference; lastKnownFileType = folder.assetcatalog; path = Assets.xcassets; sourceTree = "<group>"; };
		507BBF992298C2DA000FE12E /* Base */ = {isa = PBXFileReference; lastKnownFileType = file.storyboard; name = Base; path = Base.lproj/LaunchScreen.storyboard; sourceTree = "<group>"; };
		507BBF9B2298C2DA000FE12E /* Info.plist */ = {isa = PBXFileReference; lastKnownFileType = text.plist.xml; path = Info.plist; sourceTree = "<group>"; };
		507BBFA32298CDBD000FE12E /* CalendarViewController.swift */ = {isa = PBXFileReference; lastKnownFileType = sourcecode.swift; path = CalendarViewController.swift; sourceTree = "<group>"; };
		507BBFA52298CE84000FE12E /* Grid.swift */ = {isa = PBXFileReference; fileEncoding = 4; lastKnownFileType = sourcecode.swift; path = Grid.swift; sourceTree = "<group>"; };
		507BBFAB229B7F16000FE12E /* CalendarDayView.swift */ = {isa = PBXFileReference; lastKnownFileType = sourcecode.swift; path = CalendarDayView.swift; sourceTree = "<group>"; };
		50A33E8D22AD969B009FEF9E /* NavigationUtilities.swift */ = {isa = PBXFileReference; lastKnownFileType = sourcecode.swift; path = NavigationUtilities.swift; sourceTree = "<group>"; };
		50CAFDF522A5F5EE00AB5F7B /* ComponentEditorViewController.swift */ = {isa = PBXFileReference; lastKnownFileType = sourcecode.swift; path = ComponentEditorViewController.swift; sourceTree = "<group>"; };
/* End PBXFileReference section */

/* Begin PBXFrameworksBuildPhase section */
		507BBF892298C2D6000FE12E /* Frameworks */ = {
			isa = PBXFrameworksBuildPhase;
			buildActionMask = 2147483647;
			files = (
			);
			runOnlyForDeploymentPostprocessing = 0;
		};
/* End PBXFrameworksBuildPhase section */

/* Begin PBXGroup section */
		503BD34522AD3E230036C8CD /* Calendar */ = {
			isa = PBXGroup;
			children = (
				1370AECC229DE1FB00B33B64 /* CalendarView.swift */,
				507BBFA32298CDBD000FE12E /* CalendarViewController.swift */,
				507BBFAB229B7F16000FE12E /* CalendarDayView.swift */,
			);
			path = Calendar;
			sourceTree = "<group>";
		};
		503BD34622AD3E640036C8CD /* Settings */ = {
			isa = PBXGroup;
			children = (
				5043D42C22A6325A00BC48CD /* SettingsViewController.swift */,
				503BD34322A76DAB0036C8CD /* SimpleDoesItViewController.swift */,
			);
			path = Settings;
			sourceTree = "<group>";
		};
		503BD34722AD3E9B0036C8CD /* Event Inspector */ = {
			isa = PBXGroup;
			children = (
				1370AECE229DE96C00B33B64 /* EventInspector.swift */,
				503EA25222A4D6F9007EEF2A /* MapViewController.swift */,
				5043D43222A65DAB00BC48CD /* EventLocationTableViewCell.swift */,
				5043D42E22A63C4D00BC48CD /* EventTitleCell.swift */,
				5043D43022A63D3E00BC48CD /* EventDatePickerTableViewCell.swift */,
				50CAFDF522A5F5EE00AB5F7B /* ComponentEditorViewController.swift */,
				1370AED0229DEE8400B33B64 /* EventPropertyTableViewCell.swift */,
			);
			path = "Event Inspector";
			sourceTree = "<group>";
		};
		503BD34822AD3ECA0036C8CD /* Models */ = {
			isa = PBXGroup;
			children = (
				5059E5F1229CC7670089E3E7 /* EventList.swift */,
				5059E5F3229CC7A80089E3E7 /* Event.swift */,
				1366DC8C22A1D919004DDE1B /* EventComponent.swift */,
			);
			path = Models;
			sourceTree = "<group>";
		};
		503BD34922AD3EFB0036C8CD /* Utilities */ = {
			isa = PBXGroup;
			children = (
				507BBFA52298CE84000FE12E /* Grid.swift */,
				503BD34A22AD41630036C8CD /* DateExtensions.swift */,
				50A33E8D22AD969B009FEF9E /* NavigationUtilities.swift */,
			);
			path = Utilities;
			sourceTree = "<group>";
		};
		507BBF832298C2D6000FE12E = {
			isa = PBXGroup;
			children = (
				507BBF8E2298C2D6000FE12E /* ChurchScheduler */,
				507BBF8D2298C2D6000FE12E /* Products */,
			);
			sourceTree = "<group>";
		};
		507BBF8D2298C2D6000FE12E /* Products */ = {
			isa = PBXGroup;
			children = (
				507BBF8C2298C2D6000FE12E /* ChurchScheduler.app */,
			);
			name = Products;
			sourceTree = "<group>";
		};
		507BBF8E2298C2D6000FE12E /* ChurchScheduler */ = {
			isa = PBXGroup;
			children = (
				507BBF8F2298C2D7000FE12E /* AppDelegate.swift */,
				13876FC222A87F5D0036F0FA /* Globals.swift */,
				507BBF932298C2D7000FE12E /* Main.storyboard */,
				503BD34622AD3E640036C8CD /* Settings */,
				503BD34522AD3E230036C8CD /* Calendar */,
				503BD34822AD3ECA0036C8CD /* Models */,
				503BD34722AD3E9B0036C8CD /* Event Inspector */,
				507BBF982298C2DA000FE12E /* LaunchScreen.storyboard */,
				503BD34922AD3EFB0036C8CD /* Utilities */,
				507BBF9B2298C2DA000FE12E /* Info.plist */,
				507BBF962298C2DA000FE12E /* Assets.xcassets */,
			);
			path = ChurchScheduler;
			sourceTree = "<group>";
		};
/* End PBXGroup section */

/* Begin PBXNativeTarget section */
		507BBF8B2298C2D6000FE12E /* ChurchScheduler */ = {
			isa = PBXNativeTarget;
			buildConfigurationList = 507BBF9E2298C2DA000FE12E /* Build configuration list for PBXNativeTarget "ChurchScheduler" */;
			buildPhases = (
				507BBF882298C2D6000FE12E /* Sources */,
				507BBF892298C2D6000FE12E /* Frameworks */,
				507BBF8A2298C2D6000FE12E /* Resources */,
			);
			buildRules = (
			);
			dependencies = (
			);
			name = ChurchScheduler;
			productName = ChurchScheduler;
			productReference = 507BBF8C2298C2D6000FE12E /* ChurchScheduler.app */;
			productType = "com.apple.product-type.application";
		};
/* End PBXNativeTarget section */

/* Begin PBXProject section */
		507BBF842298C2D6000FE12E /* Project object */ = {
			isa = PBXProject;
			attributes = {
				LastSwiftUpdateCheck = 1010;
				LastUpgradeCheck = 1010;
				ORGANIZATIONNAME = "Jonathan Wheeler";
				TargetAttributes = {
					507BBF8B2298C2D6000FE12E = {
						CreatedOnToolsVersion = 10.1;
					};
				};
			};
			buildConfigurationList = 507BBF872298C2D6000FE12E /* Build configuration list for PBXProject "ChurchScheduler" */;
			compatibilityVersion = "Xcode 9.3";
			developmentRegion = en;
			hasScannedForEncodings = 0;
			knownRegions = (
				en,
				Base,
			);
			mainGroup = 507BBF832298C2D6000FE12E;
			productRefGroup = 507BBF8D2298C2D6000FE12E /* Products */;
			projectDirPath = "";
			projectRoot = "";
			targets = (
				507BBF8B2298C2D6000FE12E /* ChurchScheduler */,
			);
		};
/* End PBXProject section */

/* Begin PBXResourcesBuildPhase section */
		507BBF8A2298C2D6000FE12E /* Resources */ = {
			isa = PBXResourcesBuildPhase;
			buildActionMask = 2147483647;
			files = (
				507BBF9A2298C2DA000FE12E /* LaunchScreen.storyboard in Resources */,
				507BBF972298C2DA000FE12E /* Assets.xcassets in Resources */,
				507BBF952298C2D7000FE12E /* Main.storyboard in Resources */,
			);
			runOnlyForDeploymentPostprocessing = 0;
		};
/* End PBXResourcesBuildPhase section */

/* Begin PBXSourcesBuildPhase section */
		507BBF882298C2D6000FE12E /* Sources */ = {
			isa = PBXSourcesBuildPhase;
			buildActionMask = 2147483647;
			files = (
				1366DC8D22A1D919004DDE1B /* EventComponent.swift in Sources */,
				5043D42F22A63C4D00BC48CD /* EventTitleCell.swift in Sources */,
				1370AECF229DE96C00B33B64 /* EventInspector.swift in Sources */,
				1370AED1229DEE8400B33B64 /* EventPropertyTableViewCell.swift in Sources */,
				50CAFDF622A5F5EE00AB5F7B /* ComponentEditorViewController.swift in Sources */,
				5059E5F4229CC7A90089E3E7 /* Event.swift in Sources */,
				5043D43122A63D3E00BC48CD /* EventDatePickerTableViewCell.swift in Sources */,
				503BD34422A76DAB0036C8CD /* SimpleDoesItViewController.swift in Sources */,
				13876FC322A87F5D0036F0FA /* Globals.swift in Sources */,
				5059E5F2229CC7670089E3E7 /* EventList.swift in Sources */,
				5043D43322A65DAC00BC48CD /* EventLocationTableViewCell.swift in Sources */,
				1370AECD229DE1FB00B33B64 /* CalendarView.swift in Sources */,
				503EA25322A4D6F9007EEF2A /* MapViewController.swift in Sources */,
				503BD34B22AD41630036C8CD /* DateExtensions.swift in Sources */,
				5043D42D22A6325B00BC48CD /* SettingsViewController.swift in Sources */,
				507BBFA42298CDBE000FE12E /* CalendarViewController.swift in Sources */,
				50A33E8E22AD969B009FEF9E /* NavigationUtilities.swift in Sources */,
				507BBFAC229B7F16000FE12E /* CalendarDayView.swift in Sources */,
				507BBF902298C2D7000FE12E /* AppDelegate.swift in Sources */,
				507BBFA62298CE84000FE12E /* Grid.swift in Sources */,
			);
			runOnlyForDeploymentPostprocessing = 0;
		};
/* End PBXSourcesBuildPhase section */

/* Begin PBXVariantGroup section */
		507BBF932298C2D7000FE12E /* Main.storyboard */ = {
			isa = PBXVariantGroup;
			children = (
				507BBF942298C2D7000FE12E /* Base */,
			);
			name = Main.storyboard;
			sourceTree = "<group>";
		};
		507BBF982298C2DA000FE12E /* LaunchScreen.storyboard */ = {
			isa = PBXVariantGroup;
			children = (
				507BBF992298C2DA000FE12E /* Base */,
			);
			name = LaunchScreen.storyboard;
			sourceTree = "<group>";
		};
/* End PBXVariantGroup section */

/* Begin XCBuildConfiguration section */
		507BBF9C2298C2DA000FE12E /* Debug */ = {
			isa = XCBuildConfiguration;
			buildSettings = {
				ALWAYS_SEARCH_USER_PATHS = NO;
				CLANG_ANALYZER_NONNULL = YES;
				CLANG_ANALYZER_NUMBER_OBJECT_CONVERSION = YES_AGGRESSIVE;
				CLANG_CXX_LANGUAGE_STANDARD = "gnu++14";
				CLANG_CXX_LIBRARY = "libc++";
				CLANG_ENABLE_MODULES = YES;
				CLANG_ENABLE_OBJC_ARC = YES;
				CLANG_ENABLE_OBJC_WEAK = YES;
				CLANG_WARN_BLOCK_CAPTURE_AUTORELEASING = YES;
				CLANG_WARN_BOOL_CONVERSION = YES;
				CLANG_WARN_COMMA = YES;
				CLANG_WARN_CONSTANT_CONVERSION = YES;
				CLANG_WARN_DEPRECATED_OBJC_IMPLEMENTATIONS = YES;
				CLANG_WARN_DIRECT_OBJC_ISA_USAGE = YES_ERROR;
				CLANG_WARN_DOCUMENTATION_COMMENTS = YES;
				CLANG_WARN_EMPTY_BODY = YES;
				CLANG_WARN_ENUM_CONVERSION = YES;
				CLANG_WARN_INFINITE_RECURSION = YES;
				CLANG_WARN_INT_CONVERSION = YES;
				CLANG_WARN_NON_LITERAL_NULL_CONVERSION = YES;
				CLANG_WARN_OBJC_IMPLICIT_RETAIN_SELF = YES;
				CLANG_WARN_OBJC_LITERAL_CONVERSION = YES;
				CLANG_WARN_OBJC_ROOT_CLASS = YES_ERROR;
				CLANG_WARN_RANGE_LOOP_ANALYSIS = YES;
				CLANG_WARN_STRICT_PROTOTYPES = YES;
				CLANG_WARN_SUSPICIOUS_MOVE = YES;
				CLANG_WARN_UNGUARDED_AVAILABILITY = YES_AGGRESSIVE;
				CLANG_WARN_UNREACHABLE_CODE = YES;
				CLANG_WARN__DUPLICATE_METHOD_MATCH = YES;
				CODE_SIGN_IDENTITY = "iPhone Developer";
				COPY_PHASE_STRIP = NO;
				DEBUG_INFORMATION_FORMAT = dwarf;
				ENABLE_STRICT_OBJC_MSGSEND = YES;
				ENABLE_TESTABILITY = YES;
				GCC_C_LANGUAGE_STANDARD = gnu11;
				GCC_DYNAMIC_NO_PIC = NO;
				GCC_NO_COMMON_BLOCKS = YES;
				GCC_OPTIMIZATION_LEVEL = 0;
				GCC_PREPROCESSOR_DEFINITIONS = (
					"DEBUG=1",
					"$(inherited)",
				);
				GCC_WARN_64_TO_32_BIT_CONVERSION = YES;
				GCC_WARN_ABOUT_RETURN_TYPE = YES_ERROR;
				GCC_WARN_UNDECLARED_SELECTOR = YES;
				GCC_WARN_UNINITIALIZED_AUTOS = YES_AGGRESSIVE;
				GCC_WARN_UNUSED_FUNCTION = YES;
				GCC_WARN_UNUSED_VARIABLE = YES;
				IPHONEOS_DEPLOYMENT_TARGET = 12.1;
				MTL_ENABLE_DEBUG_INFO = INCLUDE_SOURCE;
				MTL_FAST_MATH = YES;
				ONLY_ACTIVE_ARCH = YES;
				SDKROOT = iphoneos;
				SWIFT_ACTIVE_COMPILATION_CONDITIONS = DEBUG;
				SWIFT_OPTIMIZATION_LEVEL = "-Onone";
			};
			name = Debug;
		};
		507BBF9D2298C2DA000FE12E /* Release */ = {
			isa = XCBuildConfiguration;
			buildSettings = {
				ALWAYS_SEARCH_USER_PATHS = NO;
				CLANG_ANALYZER_NONNULL = YES;
				CLANG_ANALYZER_NUMBER_OBJECT_CONVERSION = YES_AGGRESSIVE;
				CLANG_CXX_LANGUAGE_STANDARD = "gnu++14";
				CLANG_CXX_LIBRARY = "libc++";
				CLANG_ENABLE_MODULES = YES;
				CLANG_ENABLE_OBJC_ARC = YES;
				CLANG_ENABLE_OBJC_WEAK = YES;
				CLANG_WARN_BLOCK_CAPTURE_AUTORELEASING = YES;
				CLANG_WARN_BOOL_CONVERSION = YES;
				CLANG_WARN_COMMA = YES;
				CLANG_WARN_CONSTANT_CONVERSION = YES;
				CLANG_WARN_DEPRECATED_OBJC_IMPLEMENTATIONS = YES;
				CLANG_WARN_DIRECT_OBJC_ISA_USAGE = YES_ERROR;
				CLANG_WARN_DOCUMENTATION_COMMENTS = YES;
				CLANG_WARN_EMPTY_BODY = YES;
				CLANG_WARN_ENUM_CONVERSION = YES;
				CLANG_WARN_INFINITE_RECURSION = YES;
				CLANG_WARN_INT_CONVERSION = YES;
				CLANG_WARN_NON_LITERAL_NULL_CONVERSION = YES;
				CLANG_WARN_OBJC_IMPLICIT_RETAIN_SELF = YES;
				CLANG_WARN_OBJC_LITERAL_CONVERSION = YES;
				CLANG_WARN_OBJC_ROOT_CLASS = YES_ERROR;
				CLANG_WARN_RANGE_LOOP_ANALYSIS = YES;
				CLANG_WARN_STRICT_PROTOTYPES = YES;
				CLANG_WARN_SUSPICIOUS_MOVE = YES;
				CLANG_WARN_UNGUARDED_AVAILABILITY = YES_AGGRESSIVE;
				CLANG_WARN_UNREACHABLE_CODE = YES;
				CLANG_WARN__DUPLICATE_METHOD_MATCH = YES;
				CODE_SIGN_IDENTITY = "iPhone Developer";
				COPY_PHASE_STRIP = NO;
				DEBUG_INFORMATION_FORMAT = "dwarf-with-dsym";
				ENABLE_NS_ASSERTIONS = NO;
				ENABLE_STRICT_OBJC_MSGSEND = YES;
				GCC_C_LANGUAGE_STANDARD = gnu11;
				GCC_NO_COMMON_BLOCKS = YES;
				GCC_WARN_64_TO_32_BIT_CONVERSION = YES;
				GCC_WARN_ABOUT_RETURN_TYPE = YES_ERROR;
				GCC_WARN_UNDECLARED_SELECTOR = YES;
				GCC_WARN_UNINITIALIZED_AUTOS = YES_AGGRESSIVE;
				GCC_WARN_UNUSED_FUNCTION = YES;
				GCC_WARN_UNUSED_VARIABLE = YES;
				IPHONEOS_DEPLOYMENT_TARGET = 12.1;
				MTL_ENABLE_DEBUG_INFO = NO;
				MTL_FAST_MATH = YES;
				SDKROOT = iphoneos;
				SWIFT_COMPILATION_MODE = wholemodule;
				SWIFT_OPTIMIZATION_LEVEL = "-O";
				VALIDATE_PRODUCT = YES;
			};
			name = Release;
		};
		507BBF9F2298C2DA000FE12E /* Debug */ = {
			isa = XCBuildConfiguration;
			buildSettings = {
				ASSETCATALOG_COMPILER_APPICON_NAME = AppIcon;
				ASSETCATALOG_COMPILER_LAUNCHIMAGE_NAME = LaunchImage;
				CODE_SIGN_STYLE = Automatic;
				DEVELOPMENT_TEAM = G7H785MT4Z;
				INFOPLIST_FILE = ChurchScheduler/Info.plist;
				LD_RUNPATH_SEARCH_PATHS = (
					"$(inherited)",
					"@executable_path/Frameworks",
				);
				PRODUCT_BUNDLE_IDENTIFIER = "edu.stanford.edu.cs193p.jamwheel.MVJ-Calendar";
				PRODUCT_NAME = "$(TARGET_NAME)";
				SWIFT_VERSION = 4.2;
				TARGETED_DEVICE_FAMILY = "1,2";
			};
			name = Debug;
		};
		507BBFA02298C2DA000FE12E /* Release */ = {
			isa = XCBuildConfiguration;
			buildSettings = {
				ASSETCATALOG_COMPILER_APPICON_NAME = AppIcon;
				ASSETCATALOG_COMPILER_LAUNCHIMAGE_NAME = LaunchImage;
				CODE_SIGN_STYLE = Automatic;
				DEVELOPMENT_TEAM = G7H785MT4Z;
				INFOPLIST_FILE = ChurchScheduler/Info.plist;
				LD_RUNPATH_SEARCH_PATHS = (
					"$(inherited)",
					"@executable_path/Frameworks",
				);
				PRODUCT_BUNDLE_IDENTIFIER = "edu.stanford.edu.cs193p.jamwheel.MVJ-Calendar";
				PRODUCT_NAME = "$(TARGET_NAME)";
				SWIFT_VERSION = 4.2;
				TARGETED_DEVICE_FAMILY = "1,2";
			};
			name = Release;
		};
/* End XCBuildConfiguration section */

/* Begin XCConfigurationList section */
		507BBF872298C2D6000FE12E /* Build configuration list for PBXProject "ChurchScheduler" */ = {
			isa = XCConfigurationList;
			buildConfigurations = (
				507BBF9C2298C2DA000FE12E /* Debug */,
				507BBF9D2298C2DA000FE12E /* Release */,
			);
			defaultConfigurationIsVisible = 0;
			defaultConfigurationName = Release;
		};
		507BBF9E2298C2DA000FE12E /* Build configuration list for PBXNativeTarget "ChurchScheduler" */ = {
			isa = XCConfigurationList;
			buildConfigurations = (
				507BBF9F2298C2DA000FE12E /* Debug */,
				507BBFA02298C2DA000FE12E /* Release */,
			);
			defaultConfigurationIsVisible = 0;
			defaultConfigurationName = Release;
		};
/* End XCConfigurationList section */
	};
	rootObject = 507BBF842298C2D6000FE12E /* Project object */;
}
